
Microsoft Visual Studio Solution File, Format Version 12.00
# Visual Studio Version 16
VisualStudioVersion = 16.0.31911.196
MinimumVisualStudioVersion = 10.0.40219.1
Project("{8BC9CEB8-8B4A-11D0-8D11-00A0C91BC942}") = "1", "1\1.vcxproj", "{271D50A3-4CF5-4D84-92DC-D83CBC1E0D43}"
EndProject
Project("{8BC9CEB8-8B4A-11D0-8D11-00A0C91BC942}") = "2", "2\2.vcxproj", "{5AB897F1-3033-42AE-B82E-434353D6E029}"
EndProject
Project("{8BC9CEB8-8B4A-11D0-8D11-00A0C91BC942}") = "3", "3\3.vcxproj", "{3BEDC14C-4A5A-44C8-8730-ED23FA939493}"
EndProject
Project("{8BC9CEB8-8B4A-11D0-8D11-00A0C91BC942}") = "6", "6\6.vcxproj", "{BBDF5295-279E-426C-A992-0EEF91650C5F}"
EndProject
Project("{8BC9CEB8-8B4A-11D0-8D11-00A0C91BC942}") = "4", "4\4.vcxproj", "{76BE36C0-DC3F-41F1-90A6-24529CEA0EFC}"
EndProject
Project("{8BC9CEB8-8B4A-11D0-8D11-00A0C91BC942}") = "5", "5\5.vcxproj", "{BFCF02D5-E05B-4D53-A2DC-0B170B4B05AB}"
EndProject
Global
	GlobalSection(SolutionConfigurationPlatforms) = preSolution
		Debug|x64 = Debug|x64
		Debug|x86 = Debug|x86
		Release|x64 = Release|x64
		Release|x86 = Release|x86
	EndGlobalSection
	GlobalSection(ProjectConfigurationPlatforms) = postSolution
		{271D50A3-4CF5-4D84-92DC-D83CBC1E0D43}.Debug|x64.ActiveCfg = Debug|x64
		{271D50A3-4CF5-4D84-92DC-D83CBC1E0D43}.Debug|x64.Build.0 = Debug|x64
		{271D50A3-4CF5-4D84-92DC-D83CBC1E0D43}.Debug|x86.ActiveCfg = Debug|Win32
		{271D50A3-4CF5-4D84-92DC-D83CBC1E0D43}.Debug|x86.Build.0 = Debug|Win32
		{271D50A3-4CF5-4D84-92DC-D83CBC1E0D43}.Release|x64.ActiveCfg = Release|x64
		{271D50A3-4CF5-4D84-92DC-D83CBC1E0D43}.Release|x64.Build.0 = Release|x64
		{271D50A3-4CF5-4D84-92DC-D83CBC1E0D43}.Release|x86.ActiveCfg = Release|Win32
		{271D50A3-4CF5-4D84-92DC-D83CBC1E0D43}.Release|x86.Build.0 = Release|Win32
		{5AB897F1-3033-42AE-B82E-434353D6E029}.Debug|x64.ActiveCfg = Debug|x64
		{5AB897F1-3033-42AE-B82E-434353D6E029}.Debug|x64.Build.0 = Debug|x64
		{5AB897F1-3033-42AE-B82E-434353D6E029}.Debug|x86.ActiveCfg = Debug|Win32
		{5AB897F1-3033-42AE-B82E-434353D6E029}.Debug|x86.Build.0 = Debug|Win32
		{5AB897F1-3033-42AE-B82E-434353D6E029}.Release|x64.ActiveCfg = Release|x64
		{5AB897F1-3033-42AE-B82E-434353D6E029}.Release|x64.Build.0 = Release|x64
		{5AB897F1-3033-42AE-B82E-434353D6E029}.Release|x86.ActiveCfg = Release|Win32
		{5AB897F1-3033-42AE-B82E-434353D6E029}.Release|x86.Build.0 = Release|Win32
		{3BEDC14C-4A5A-44C8-8730-ED23FA939493}.Debug|x64.ActiveCfg = Debug|x64
		{3BEDC14C-4A5A-44C8-8730-ED23FA939493}.Debug|x64.Build.0 = Debug|x64
		{3BEDC14C-4A5A-44C8-8730-ED23FA939493}.Debug|x86.ActiveCfg = Debug|Win32
		{3BEDC14C-4A5A-44C8-8730-ED23FA939493}.Debug|x86.Build.0 = Debug|Win32
		{3BEDC14C-4A5A-44C8-8730-ED23FA939493}.Release|x64.ActiveCfg = Release|x64
		{3BEDC14C-4A5A-44C8-8730-ED23FA939493}.Release|x64.Build.0 = Release|x64
		{3BEDC14C-4A5A-44C8-8730-ED23FA939493}.Release|x86.ActiveCfg = Release|Win32
		{3BEDC14C-4A5A-44C8-8730-ED23FA939493}.Release|x86.Build.0 = Release|Win32
		{BBDF5295-279E-426C-A992-0EEF91650C5F}.Debug|x64.ActiveCfg = Debug|x64
		{BBDF5295-279E-426C-A992-0EEF91650C5F}.Debug|x64.Build.0 = Debug|x64
		{BBDF5295-279E-426C-A992-0EEF91650C5F}.Debug|x86.ActiveCfg = Debug|Win32
		{BBDF5295-279E-426C-A992-0EEF91650C5F}.Debug|x86.Build.0 = Debug|Win32
		{BBDF5295-279E-426C-A992-0EEF91650C5F}.Release|x64.ActiveCfg = Release|x64
		{BBDF5295-279E-426C-A992-0EEF91650C5F}.Release|x64.Build.0 = Release|x64
		{BBDF5295-279E-426C-A992-0EEF91650C5F}.Release|x86.ActiveCfg = Release|Win32
		{BBDF5295-279E-426C-A992-0EEF91650C5F}.Release|x86.Build.0 = Release|Win32
		{76BE36C0-DC3F-41F1-90A6-24529CEA0EFC}.Debug|x64.ActiveCfg = Debug|x64
		{76BE36C0-DC3F-41F1-90A6-24529CEA0EFC}.Debug|x64.Build.0 = Debug|x64
		{76BE36C0-DC3F-41F1-90A6-24529CEA0EFC}.Debug|x86.ActiveCfg = Debug|Win32
		{76BE36C0-DC3F-41F1-90A6-24529CEA0EFC}.Debug|x86.Build.0 = Debug|Win32
		{76BE36C0-DC3F-41F1-90A6-24529CEA0EFC}.Release|x64.ActiveCfg = Release|x64
		{76BE36C0-DC3F-41F1-90A6-24529CEA0EFC}.Release|x64.Build.0 = Release|x64
		{76BE36C0-DC3F-41F1-90A6-24529CEA0EFC}.Release|x86.ActiveCfg = Release|Win32
		{76BE36C0-DC3F-41F1-90A6-24529CEA0EFC}.Release|x86.Build.0 = Release|Win32
		{BFCF02D5-E05B-4D53-A2DC-0B170B4B05AB}.Debug|x64.ActiveCfg = Debug|x64
		{BFCF02D5-E05B-4D53-A2DC-0B170B4B05AB}.Debug|x64.Build.0 = Debug|x64
		{BFCF02D5-E05B-4D53-A2DC-0B170B4B05AB}.Debug|x86.ActiveCfg = Debug|Win32
		{BFCF02D5-E05B-4D53-A2DC-0B170B4B05AB}.Debug|x86.Build.0 = Debug|Win32
		{BFCF02D5-E05B-4D53-A2DC-0B170B4B05AB}.Release|x64.ActiveCfg = Release|x64
		{BFCF02D5-E05B-4D53-A2DC-0B170B4B05AB}.Release|x64.Build.0 = Release|x64
		{BFCF02D5-E05B-4D53-A2DC-0B170B4B05AB}.Release|x86.ActiveCfg = Release|Win32
		{BFCF02D5-E05B-4D53-A2DC-0B170B4B05AB}.Release|x86.Build.0 = Release|Win32
	EndGlobalSection
	GlobalSection(SolutionProperties) = preSolution
		HideSolutionNode = FALSE
	EndGlobalSection
	GlobalSection(ExtensibilityGlobals) = postSolution
		SolutionGuid = {590BD29C-221C-4767-9E51-BDD89CD3CD99}
	EndGlobalSection
EndGlobal
